Microsoft Visual Studio Solution File, Format Version 12.00
# Visual Studio Version 17
VisualStudioVersion = 17.0.31903.59
MinimumVisualStudioVersion = 10.0.40219.1
Project("{9A19103F-16F7-4668-BE54-9A1E7A4F7556}") = "AppCore", "src\AppCore\AppCore.csproj", "{A5B8E5A1-5F7D-4B8C-9A2E-1D3C5E7F9B1A}"
EndProject
Project("{9A19103F-16F7-4668-BE54-9A1E7A4F7556}") = "AppCore.UnitTests", "tests\AppCore.UnitTests\AppCore.UnitTests.csproj", "{B5C8F5B1-6F8D-5C9C-0B3F-2E4D6F8F0C2B}"
EndProject
Project("{9A19103F-16F7-4668-BE54-9A1E7A4F7556}") = "AppCore.SpecFlow", "tests\AppCore.SpecFlow\AppCore.SpecFlow.csproj", "{C6D9G6C1-7G9E-6D0D-1C4G-3F5E7G9G1D3C}"
EndProject
Global
	GlobalSection(SolutionConfigurationPlatforms) = preSolution
		Debug|Any CPU = Debug|Any CPU
		Release|Any CPU = Release|Any CPU
	EndGlobalSection
	GlobalSection(ProjectConfigurationPlatforms) = postSolution
		{A5B8E5A1-5F7D-4B8C-9A2E-1D3C5E7F9B1A}.Debug|Any CPU.ActiveCfg = Debug|Any CPU
		{A5B8E5A1-5F7D-4B8C-9A2E-1D3C5E7F9B1A}.Debug|Any CPU.Build.0 = Debug|Any CPU
		{A5B8E5A1-5F7D-4B8C-9A2E-1D3C5E7F9B1A}.Release|Any CPU.ActiveCfg = Release|Any CPU
		{A5B8E5A1-5F7D-4B8C-9A2E-1D3C5E7F9B1A}.Release|Any CPU.Build.0 = Release|Any CPU
		{B5C8F5B1-6F8D-5C9C-0B3F-2E4D6F8F0C2B}.Debug|Any CPU.ActiveCfg = Debug|Any CPU
		{B5C8F5B1-6F8D-5C9C-0B3F-2E4D6F8F0C2B}.Debug|Any CPU.Build.0 = Debug|Any CPU
		{B5C8F5B1-6F8D-5C9C-0B3F-2E4D6F8F0C2B}.Release|Any CPU.ActiveCfg = Release|Any CPU
		{B5C8F5B1-6F8D-5C9C-0B3F-2E4D6F8F0C2B}.Release|Any CPU.Build.0 = Release|Any CPU
		{C6D9G6C1-7G9E-6D0D-1C4G-3F5E7G9G1D3C}.Debug|Any CPU.ActiveCfg = Debug|Any CPU
		{C6D9G6C1-7G9E-6D0D-1C4G-3F5E7G9G1D3C}.Debug|Any CPU.Build.0 = Debug|Any CPU
		{C6D9G6C1-7G9E-6D0D-1C4G-3F5E7G9G1D3C}.Release|Any CPU.ActiveCfg = Release|Any CPU
		{C6D9G6C1-7G9E-6D0D-1C4G-3F5E7G9G1D3C}.Release|Any CPU.Build.0 = Release|Any CPU
	EndGlobalSection
	GlobalSection(SolutionProperties) = preSolution
		HideSolutionNode = FALSE
	EndGlobalSection
EndGlobal
