
Microsoft Visual Studio Solution File, Format Version 12.00
# Visual Studio Version 17
VisualStudioVersion = 17.5.2.0
MinimumVisualStudioVersion = 10.0.40219.1
Project("{2150E333-8FDC-42A3-9474-1A3956D46DE8}") = "src", "src", "{36C1EFFF-61BB-41A7-97F1-894544018558}"
EndProject
Project("{9A19103F-16F7-4668-BE54-9A1E7A4F7556}") = "App.ApiRest", "src\ApiRest\App.ApiRest.csproj", "{4C2EFD6B-4996-414E-927B-CBC3ED2AF461}"
EndProject
Project("{9A19103F-16F7-4668-BE54-9A1E7A4F7556}") = "App.Application", "src\Application\App.Application.csproj", "{CC4950C6-E1D2-499B-90DC-B4FB5C925477}"
EndProject
Project("{9A19103F-16F7-4668-BE54-9A1E7A4F7556}") = "App.Infrastructure", "src\Infrastructure\App.Infrastructure.csproj", "{C3584B21-C135-48C7-B827-324C50170579}"
EndProject
Project("{FAE04EC0-301F-11D3-BF4B-00C04F79EFBC}") = "AppCore", "..\..\src\AppCore\AppCore.csproj", "{DC240606-B405-485D-B679-21D6F63926EF}"
EndProject
Global
	GlobalSection(SolutionConfigurationPlatforms) = preSolution
		Debug|Any CPU = Debug|Any CPU
		Debug|x64 = Debug|x64
		Debug|x86 = Debug|x86
		Release|Any CPU = Release|Any CPU
		Release|x64 = Release|x64
		Release|x86 = Release|x86
	EndGlobalSection
	GlobalSection(ProjectConfigurationPlatforms) = postSolution
		{4C2EFD6B-4996-414E-927B-CBC3ED2AF461}.Debug|Any CPU.ActiveCfg = Debug|Any CPU
		{4C2EFD6B-4996-414E-927B-CBC3ED2AF461}.Debug|Any CPU.Build.0 = Debug|Any CPU
		{4C2EFD6B-4996-414E-927B-CBC3ED2AF461}.Debug|x64.ActiveCfg = Debug|Any CPU
		{4C2EFD6B-4996-414E-927B-CBC3ED2AF461}.Debug|x64.Build.0 = Debug|Any CPU
		{4C2EFD6B-4996-414E-927B-CBC3ED2AF461}.Debug|x86.ActiveCfg = Debug|Any CPU
		{4C2EFD6B-4996-414E-927B-CBC3ED2AF461}.Debug|x86.Build.0 = Debug|Any CPU
		{4C2EFD6B-4996-414E-927B-CBC3ED2AF461}.Release|Any CPU.ActiveCfg = Release|Any CPU
		{4C2EFD6B-4996-414E-927B-CBC3ED2AF461}.Release|Any CPU.Build.0 = Release|Any CPU
		{4C2EFD6B-4996-414E-927B-CBC3ED2AF461}.Release|x64.ActiveCfg = Release|Any CPU
		{4C2EFD6B-4996-414E-927B-CBC3ED2AF461}.Release|x64.Build.0 = Release|Any CPU
		{4C2EFD6B-4996-414E-927B-CBC3ED2AF461}.Release|x86.ActiveCfg = Release|Any CPU
		{4C2EFD6B-4996-414E-927B-CBC3ED2AF461}.Release|x86.Build.0 = Release|Any CPU
		{CC4950C6-E1D2-499B-90DC-B4FB5C925477}.Debug|Any CPU.ActiveCfg = Debug|Any CPU
		{CC4950C6-E1D2-499B-90DC-B4FB5C925477}.Debug|Any CPU.Build.0 = Debug|Any CPU
		{CC4950C6-E1D2-499B-90DC-B4FB5C925477}.Debug|x64.ActiveCfg = Debug|Any CPU
		{CC4950C6-E1D2-499B-90DC-B4FB5C925477}.Debug|x64.Build.0 = Debug|Any CPU
		{CC4950C6-E1D2-499B-90DC-B4FB5C925477}.Debug|x86.ActiveCfg = Debug|Any CPU
		{CC4950C6-E1D2-499B-90DC-B4FB5C925477}.Debug|x86.Build.0 = Debug|Any CPU
		{CC4950C6-E1D2-499B-90DC-B4FB5C925477}.Release|Any CPU.ActiveCfg = Release|Any CPU
		{CC4950C6-E1D2-499B-90DC-B4FB5C925477}.Release|Any CPU.Build.0 = Release|Any CPU
		{CC4950C6-E1D2-499B-90DC-B4FB5C925477}.Release|x64.ActiveCfg = Release|Any CPU
		{CC4950C6-E1D2-499B-90DC-B4FB5C925477}.Release|x64.Build.0 = Release|Any CPU
		{CC4950C6-E1D2-499B-90DC-B4FB5C925477}.Release|x86.ActiveCfg = Release|Any CPU
		{CC4950C6-E1D2-499B-90DC-B4FB5C925477}.Release|x86.Build.0 = Release|Any CPU
		{C3584B21-C135-48C7-B827-324C50170579}.Debug|Any CPU.ActiveCfg = Debug|Any CPU
		{C3584B21-C135-48C7-B827-324C50170579}.Debug|Any CPU.Build.0 = Debug|Any CPU
		{C3584B21-C135-48C7-B827-324C50170579}.Debug|x64.ActiveCfg = Debug|Any CPU
		{C3584B21-C135-48C7-B827-324C50170579}.Debug|x64.Build.0 = Debug|Any CPU
		{C3584B21-C135-48C7-B827-324C50170579}.Debug|x86.ActiveCfg = Debug|Any CPU
		{C3584B21-C135-48C7-B827-324C50170579}.Debug|x86.Build.0 = Debug|Any CPU
		{C3584B21-C135-48C7-B827-324C50170579}.Release|Any CPU.ActiveCfg = Release|Any CPU
		{C3584B21-C135-48C7-B827-324C50170579}.Release|Any CPU.Build.0 = Release|Any CPU
		{C3584B21-C135-48C7-B827-324C50170579}.Release|x64.ActiveCfg = Release|Any CPU
		{C3584B21-C135-48C7-B827-324C50170579}.Release|x64.Build.0 = Release|Any CPU
		{C3584B21-C135-48C7-B827-324C50170579}.Release|x86.ActiveCfg = Release|Any CPU
		{C3584B21-C135-48C7-B827-324C50170579}.Release|x86.Build.0 = Release|Any CPU
		{DC240606-B405-485D-B679-21D6F63926EF}.Debug|Any CPU.ActiveCfg = Debug|Any CPU
		{DC240606-B405-485D-B679-21D6F63926EF}.Debug|Any CPU.Build.0 = Debug|Any CPU
		{DC240606-B405-485D-B679-21D6F63926EF}.Debug|x64.ActiveCfg = Debug|Any CPU
		{DC240606-B405-485D-B679-21D6F63926EF}.Debug|x64.Build.0 = Debug|Any CPU
		{DC240606-B405-485D-B679-21D6F63926EF}.Debug|x86.ActiveCfg = Debug|Any CPU
		{DC240606-B405-485D-B679-21D6F63926EF}.Debug|x86.Build.0 = Debug|Any CPU
		{DC240606-B405-485D-B679-21D6F63926EF}.Release|Any CPU.ActiveCfg = Release|Any CPU
		{DC240606-B405-485D-B679-21D6F63926EF}.Release|Any CPU.Build.0 = Release|Any CPU
		{DC240606-B405-485D-B679-21D6F63926EF}.Release|x64.ActiveCfg = Release|Any CPU
		{DC240606-B405-485D-B679-21D6F63926EF}.Release|x64.Build.0 = Release|Any CPU
		{DC240606-B405-485D-B679-21D6F63926EF}.Release|x86.ActiveCfg = Release|Any CPU
		{DC240606-B405-485D-B679-21D6F63926EF}.Release|x86.Build.0 = Release|Any CPU
	EndGlobalSection
	GlobalSection(SolutionProperties) = preSolution
		HideSolutionNode = FALSE
	EndGlobalSection
	GlobalSection(NestedProjects) = preSolution
		{4C2EFD6B-4996-414E-927B-CBC3ED2AF461} = {36C1EFFF-61BB-41A7-97F1-894544018558}
		{CC4950C6-E1D2-499B-90DC-B4FB5C925477} = {36C1EFFF-61BB-41A7-97F1-894544018558}
		{C3584B21-C135-48C7-B827-324C50170579} = {36C1EFFF-61BB-41A7-97F1-894544018558}
		{DC240606-B405-485D-B679-21D6F63926EF} = {36C1EFFF-61BB-41A7-97F1-894544018558}
	EndGlobalSection
	GlobalSection(ExtensibilityGlobals) = postSolution
		SolutionGuid = {860AA43B-CD18-4BB9-B5B2-7ACFCAAE09E8}
	EndGlobalSection
EndGlobal
